
Microsoft Visual Studio Solution File, Format Version 12.00
# Visual Studio Express 15 for Windows Desktop
VisualStudioVersion = 15.0.28307.1684
MinimumVisualStudioVersion = 10.0.40219.1
Project("{8BC9CEB8-8B4A-11D0-8D11-00A0C91BC942}") = "Enigma", "Enigma\Enigma.vcxproj", "{161DD99E-21FE-41D2-9451-2600D8C055EC}"
EndProject
Global
	GlobalSection(SolutionConfigurationPlatforms) = preSolution
		Debug|x64 = Debug|x64
		Debug|x86 = Debug|x86
		Release|x64 = Release|x64
		Release|x86 = Release|x86
	EndGlobalSection
	GlobalSection(ProjectConfigurationPlatforms) = postSolution
		{161DD99E-21FE-41D2-9451-2600D8C055EC}.Debug|x64.ActiveCfg = Debug|x64
		{161DD99E-21FE-41D2-9451-2600D8C055EC}.Debug|x64.Build.0 = Debug|x64
		{161DD99E-21FE-41D2-9451-2600D8C055EC}.Debug|x86.ActiveCfg = Debug|Win32
		{161DD99E-21FE-41D2-9451-2600D8C055EC}.Debug|x86.Build.0 = Debug|Win32
		{161DD99E-21FE-41D2-9451-2600D8C055EC}.Release|x64.ActiveCfg = Release|x64
		{161DD99E-21FE-41D2-9451-2600D8C055EC}.Release|x64.Build.0 = Release|x64
		{161DD99E-21FE-41D2-9451-2600D8C055EC}.Release|x86.ActiveCfg = Release|Win32
		{161DD99E-21FE-41D2-9451-2600D8C055EC}.Release|x86.Build.0 = Release|Win32
	EndGlobalSection
	GlobalSection(SolutionProperties) = preSolution
		HideSolutionNode = FALSE
	EndGlobalSection
	GlobalSection(ExtensibilityGlobals) = postSolution
		SolutionGuid = {8AC5670E-81FB-4F27-B348-9DDE74929C98}
	EndGlobalSection
EndGlobal
